// !$*UTF8*$!
{
	archiveVersion = 1;
	classes = {
	};
	objectVersion = 46;
	objects = {

/* Begin PBXBuildFile section */
		67938AE51E2F131C003697EE /* AddGroupMemberBtn.png in Resources */ = {isa = PBXBuildFile; fileRef = 67938ACC1E2F131C003697EE /* AddGroupMemberBtn.png */; };
		67938AE61E2F131C003697EE /* AddGroupMemberBtn@2x.png in Resources */ = {isa = PBXBuildFile; fileRef = 67938ACD1E2F131C003697EE /* AddGroupMemberBtn@2x.png */; };
		67938AE71E2F131C003697EE /* AddGroupMemberBtnHL.png in Resources */ = {isa = PBXBuildFile; fileRef = 67938ACE1E2F131C003697EE /* AddGroupMemberBtnHL.png */; };
		67938AE81E2F131C003697EE /* AddGroupMemberBtnHL@2x.png in Resources */ = {isa = PBXBuildFile; fileRef = 67938ACF1E2F131C003697EE /* AddGroupMemberBtnHL@2x.png */; };
		67938AE91E2F131C003697EE /* AlbumAddBtn@2x.png in Resources */ = {isa = PBXBuildFile; fileRef = 67938AD01E2F131C003697EE /* AlbumAddBtn@2x.png */; };
		67938AEA1E2F131C003697EE /* AlbumAddBtnHL@2x.png in Resources */ = {isa = PBXBuildFile; fileRef = 67938AD11E2F131C003697EE /* AlbumAddBtnHL@2x.png */; };
		67938AEB1E2F131C003697EE /* AlbumAddPeoplePlus@2x.png in Resources */ = {isa = PBXBuildFile; fileRef = 67938AD21E2F131C003697EE /* AlbumAddPeoplePlus@2x.png */; };
		67938AEC1E2F131C003697EE /* AlbumAddPeoplePlusHL@2x.png in Resources */ = {isa = PBXBuildFile; fileRef = 67938AD31E2F131C003697EE /* AlbumAddPeoplePlusHL@2x.png */; };
		67938AED1E2F131C003697EE /* EmoticonAddButton@2x.png in Resources */ = {isa = PBXBuildFile; fileRef = 67938AD41E2F131C003697EE /* EmoticonAddButton@2x.png */; };
		67938AEE1E2F131C003697EE /* FriendsSendsPicturesArtworkIcon@2x.png in Resources */ = {isa = PBXBuildFile; fileRef = 67938AD51E2F131C003697EE /* FriendsSendsPicturesArtworkIcon@2x.png */; };
		67938AEF1E2F131C003697EE /* FriendsSendsPicturesNumberIcon@2x.png in Resources */ = {isa = PBXBuildFile; fileRef = 67938AD61E2F131C003697EE /* FriendsSendsPicturesNumberIcon@2x.png */; };
		67938AF01E2F131C003697EE /* FriendsSendsPicturesSelectBigNIcon@2x.png in Resources */ = {isa = PBXBuildFile; fileRef = 67938AD71E2F131C003697EE /* FriendsSendsPicturesSelectBigNIcon@2x.png */; };
		67938AF11E2F131C003697EE /* FriendsSendsPicturesSelectBigYIcon@2x.png in Resources */ = {isa = PBXBuildFile; fileRef = 67938AD81E2F131C003697EE /* FriendsSendsPicturesSelectBigYIcon@2x.png */; };
		67938AF21E2F131C003697EE /* FriendsSendsPicturesSelectIcon@2x.png in Resources */ = {isa = PBXBuildFile; fileRef = 67938AD91E2F131C003697EE /* FriendsSendsPicturesSelectIcon@2x.png */; };
		67938AF31E2F131C003697EE /* FriendsSendsPicturesSelectYIcon@2x.png in Resources */ = {isa = PBXBuildFile; fileRef = 67938ADA1E2F131C003697EE /* FriendsSendsPicturesSelectYIcon@2x.png */; };
		67938AF41E2F131C003697EE /* GameCenterNewAppTag@2x.png in Resources */ = {isa = PBXBuildFile; fileRef = 67938ADB1E2F131C003697EE /* GameCenterNewAppTag@2x.png */; };
		67938AF51E2F131C003697EE /* GameCenterNewWhite@2x.png in Resources */ = {isa = PBXBuildFile; fileRef = 67938ADC1E2F131C003697EE /* GameCenterNewWhite@2x.png */; };
		67938AF61E2F131C003697EE /* RemoveGroupMemberBtn.png in Resources */ = {isa = PBXBuildFile; fileRef = 67938ADD1E2F131C003697EE /* RemoveGroupMemberBtn.png */; };
		67938AF71E2F131C003697EE /* RemoveGroupMemberBtn@2x.png in Resources */ = {isa = PBXBuildFile; fileRef = 67938ADE1E2F131C003697EE /* RemoveGroupMemberBtn@2x.png */; };
		67938AF81E2F131C003697EE /* RemoveGroupMemberBtnHL.png in Resources */ = {isa = PBXBuildFile; fileRef = 67938ADF1E2F131C003697EE /* RemoveGroupMemberBtnHL.png */; };
		67938AF91E2F131C003697EE /* RemoveGroupMemberBtnHL@2x.png in Resources */ = {isa = PBXBuildFile; fileRef = 67938AE01E2F131C003697EE /* RemoveGroupMemberBtnHL@2x.png */; };
		67938AFA1E2F131C003697EE /* sight_moments_mute_select@2x.png in Resources */ = {isa = PBXBuildFile; fileRef = 67938AE11E2F131C003697EE /* sight_moments_mute_select@2x.png */; };
		67938AFB1E2F131C003697EE /* sight_moments_mute_selected@2x.png in Resources */ = {isa = PBXBuildFile; fileRef = 67938AE21E2F131C003697EE /* sight_moments_mute_selected@2x.png */; };
		67938AFC1E2F131C003697EE /* watch-tips-avatar2@2x.png in Resources */ = {isa = PBXBuildFile; fileRef = 67938AE31E2F131C003697EE /* watch-tips-avatar2@2x.png */; };
		67938AFD1E2F131C003697EE /* watch-tips-avatar@2x.png in Resources */ = {isa = PBXBuildFile; fileRef = 67938AE41E2F131C003697EE /* watch-tips-avatar@2x.png */; };
		67938AFF1E2F14FD003697EE /* CreditCard_ShoppingBag@2x.png in Resources */ = {isa = PBXBuildFile; fileRef = 67938AFE1E2F14FD003697EE /* CreditCard_ShoppingBag@2x.png */; };
		67DAE81B1E2DA6E7003F92D7 /* main.m in Sources */ = {isa = PBXBuildFile; fileRef = 67DAE81A1E2DA6E7003F92D7 /* main.m */; };
		67DAE81E1E2DA6E7003F92D7 /* AppDelegate.m in Sources */ = {isa = PBXBuildFile; fileRef = 67DAE81D1E2DA6E7003F92D7 /* AppDelegate.m */; };
		67DAE8261E2DA6E7003F92D7 /* Assets.xcassets in Resources */ = {isa = PBXBuildFile; fileRef = 67DAE8251E2DA6E7003F92D7 /* Assets.xcassets */; };
		67DAE8391E2DA74D003F92D7 /* mainViewController.m in Sources */ = {isa = PBXBuildFile; fileRef = 67DAE8361E2DA74D003F92D7 /* mainViewController.m */; };
		67DAE83D1E2DA9BA003F92D7 /* XQQShoppingController.m in Sources */ = {isa = PBXBuildFile; fileRef = 67DAE83C1E2DA9BA003F92D7 /* XQQShoppingController.m */; };
		67DAE8401E2DAC27003F92D7 /* XQQShopTableViewCell.m in Sources */ = {isa = PBXBuildFile; fileRef = 67DAE83F1E2DAC27003F92D7 /* XQQShopTableViewCell.m */; };
		67DAE8431E2DACDB003F92D7 /* XQQShopModel.m in Sources */ = {isa = PBXBuildFile; fileRef = 67DAE8421E2DACDB003F92D7 /* XQQShopModel.m */; };
		67DAE8471E2DB64A003F92D7 /* UIView+XQQAdd.m in Sources */ = {isa = PBXBuildFile; fileRef = 67DAE8461E2DB64A003F92D7 /* UIView+XQQAdd.m */; };
		67DAF87E1E2DC36B003F92D7 /* XQQShopHeaderView.m in Sources */ = {isa = PBXBuildFile; fileRef = 67DAF87D1E2DC36B003F92D7 /* XQQShopHeaderView.m */; };
		67DAF8801E2DF486003F92D7 /* xqq_shop.plist in Resources */ = {isa = PBXBuildFile; fileRef = 67DAF87F1E2DF486003F92D7 /* xqq_shop.plist */; };
		67DAF8831E2DF56C003F92D7 /* XQQCommodityModel.m in Sources */ = {isa = PBXBuildFile; fileRef = 67DAF8821E2DF56C003F92D7 /* XQQCommodityModel.m */; };
		67DAF8861E2DFB87003F92D7 /* XQQShopBottomView.m in Sources */ = {isa = PBXBuildFile; fileRef = 67DAF8851E2DFB87003F92D7 /* XQQShopBottomView.m */; };
		67F864751E3D872E00823280 /* XQQFrameTool.m in Sources */ = {isa = PBXBuildFile; fileRef = 67F864741E3D872E00823280 /* XQQFrameTool.m */; };
/* End PBXBuildFile section */

/* Begin PBXFileReference section */
		67938ACC1E2F131C003697EE /* AddGroupMemberBtn.png */ = {isa = PBXFileReference; lastKnownFileType = image.png; path = AddGroupMemberBtn.png; sourceTree = "<group>"; };
		67938ACD1E2F131C003697EE /* AddGroupMemberBtn@2x.png */ = {isa = PBXFileReference; lastKnownFileType = image.png; path = "AddGroupMemberBtn@2x.png"; sourceTree = "<group>"; };
		67938ACE1E2F131C003697EE /* AddGroupMemberBtnHL.png */ = {isa = PBXFileReference; lastKnownFileType = image.png; path = AddGroupMemberBtnHL.png; sourceTree = "<group>"; };
		67938ACF1E2F131C003697EE /* AddGroupMemberBtnHL@2x.png */ = {isa = PBXFileReference; lastKnownFileType = image.png; path = "AddGroupMemberBtnHL@2x.png"; sourceTree = "<group>"; };
		67938AD01E2F131C003697EE /* AlbumAddBtn@2x.png */ = {isa = PBXFileReference; lastKnownFileType = image.png; path = "AlbumAddBtn@2x.png"; sourceTree = "<group>"; };
		67938AD11E2F131C003697EE /* AlbumAddBtnHL@2x.png */ = {isa = PBXFileReference; lastKnownFileType = image.png; path = "AlbumAddBtnHL@2x.png"; sourceTree = "<group>"; };
		67938AD21E2F131C003697EE /* AlbumAddPeoplePlus@2x.png */ = {isa = PBXFileReference; lastKnownFileType = image.png; path = "AlbumAddPeoplePlus@2x.png"; sourceTree = "<group>"; };
		67938AD31E2F131C003697EE /* AlbumAddPeoplePlusHL@2x.png */ = {isa = PBXFileReference; lastKnownFileType = image.png; path = "AlbumAddPeoplePlusHL@2x.png"; sourceTree = "<group>"; };
		67938AD41E2F131C003697EE /* EmoticonAddButton@2x.png */ = {isa = PBXFileReference; lastKnownFileType = image.png; path = "EmoticonAddButton@2x.png"; sourceTree = "<group>"; };
		67938AD51E2F131C003697EE /* FriendsSendsPicturesArtworkIcon@2x.png */ = {isa = PBXFileReference; lastKnownFileType = image.png; path = "FriendsSendsPicturesArtworkIcon@2x.png"; sourceTree = "<group>"; };
		67938AD61E2F131C003697EE /* FriendsSendsPicturesNumberIcon@2x.png */ = {isa = PBXFileReference; lastKnownFileType = image.png; path = "FriendsSendsPicturesNumberIcon@2x.png"; sourceTree = "<group>"; };
		67938AD71E2F131C003697EE /* FriendsSendsPicturesSelectBigNIcon@2x.png */ = {isa = PBXFileReference; lastKnownFileType = image.png; path = "FriendsSendsPicturesSelectBigNIcon@2x.png"; sourceTree = "<group>"; };
		67938AD81E2F131C003697EE /* FriendsSendsPicturesSelectBigYIcon@2x.png */ = {isa = PBXFileReference; lastKnownFileType = image.png; path = "FriendsSendsPicturesSelectBigYIcon@2x.png"; sourceTree = "<group>"; };
		67938AD91E2F131C003697EE /* FriendsSendsPicturesSelectIcon@2x.png */ = {isa = PBXFileReference; lastKnownFileType = image.png; path = "FriendsSendsPicturesSelectIcon@2x.png"; sourceTree = "<group>"; };
		67938ADA1E2F131C003697EE /* FriendsSendsPicturesSelectYIcon@2x.png */ = {isa = PBXFileReference; lastKnownFileType = image.png; path = "FriendsSendsPicturesSelectYIcon@2x.png"; sourceTree = "<group>"; };
		67938ADB1E2F131C003697EE /* GameCenterNewAppTag@2x.png */ = {isa = PBXFileReference; lastKnownFileType = image.png; path = "GameCenterNewAppTag@2x.png"; sourceTree = "<group>"; };
		67938ADC1E2F131C003697EE /* GameCenterNewWhite@2x.png */ = {isa = PBXFileReference; lastKnownFileType = image.png; path = "GameCenterNewWhite@2x.png"; sourceTree = "<group>"; };
		67938ADD1E2F131C003697EE /* RemoveGroupMemberBtn.png */ = {isa = PBXFileReference; lastKnownFileType = image.png; path = RemoveGroupMemberBtn.png; sourceTree = "<group>"; };
		67938ADE1E2F131C003697EE /* RemoveGroupMemberBtn@2x.png */ = {isa = PBXFileReference; lastKnownFileType = image.png; path = "RemoveGroupMemberBtn@2x.png"; sourceTree = "<group>"; };
		67938ADF1E2F131C003697EE /* RemoveGroupMemberBtnHL.png */ = {isa = PBXFileReference; lastKnownFileType = image.png; path = RemoveGroupMemberBtnHL.png; sourceTree = "<group>"; };
		67938AE01E2F131C003697EE /* RemoveGroupMemberBtnHL@2x.png */ = {isa = PBXFileReference; lastKnownFileType = image.png; path = "RemoveGroupMemberBtnHL@2x.png"; sourceTree = "<group>"; };
		67938AE11E2F131C003697EE /* sight_moments_mute_select@2x.png */ = {isa = PBXFileReference; lastKnownFileType = image.png; path = "sight_moments_mute_select@2x.png"; sourceTree = "<group>"; };
		67938AE21E2F131C003697EE /* sight_moments_mute_selected@2x.png */ = {isa = PBXFileReference; lastKnownFileType = image.png; path = "sight_moments_mute_selected@2x.png"; sourceTree = "<group>"; };
		67938AE31E2F131C003697EE /* watch-tips-avatar2@2x.png */ = {isa = PBXFileReference; lastKnownFileType = image.png; path = "watch-tips-avatar2@2x.png"; sourceTree = "<group>"; };
		67938AE41E2F131C003697EE /* watch-tips-avatar@2x.png */ = {isa = PBXFileReference; lastKnownFileType = image.png; path = "watch-tips-avatar@2x.png"; sourceTree = "<group>"; };
		67938AFE1E2F14FD003697EE /* CreditCard_ShoppingBag@2x.png */ = {isa = PBXFileReference; lastKnownFileType = image.png; path = "CreditCard_ShoppingBag@2x.png"; sourceTree = "<group>"; };
		67DAE8161E2DA6E7003F92D7 /* XQQShoppingTrolley.app */ = {isa = PBXFileReference; explicitFileType = wrapper.application; includeInIndex = 0; path = XQQShoppingTrolley.app; sourceTree = BUILT_PRODUCTS_DIR; };
		67DAE81A1E2DA6E7003F92D7 /* main.m */ = {isa = PBXFileReference; lastKnownFileType = sourcecode.c.objc; path = main.m; sourceTree = "<group>"; };
		67DAE81C1E2DA6E7003F92D7 /* AppDelegate.h */ = {isa = PBXFileReference; lastKnownFileType = sourcecode.c.h; path = AppDelegate.h; sourceTree = "<group>"; };
		67DAE81D1E2DA6E7003F92D7 /* AppDelegate.m */ = {isa = PBXFileReference; lastKnownFileType = sourcecode.c.objc; path = AppDelegate.m; sourceTree = "<group>"; };
		67DAE8251E2DA6E7003F92D7 /* Assets.xcassets */ = {isa = PBXFileReference; lastKnownFileType = folder.assetcatalog; path = Assets.xcassets; sourceTree = "<group>"; };
		67DAE82A1E2DA6E7003F92D7 /* Info.plist */ = {isa = PBXFileReference; lastKnownFileType = text.plist.xml; path = Info.plist; sourceTree = "<group>"; };
		67DAE8351E2DA74D003F92D7 /* mainViewController.h */ = {isa = PBXFileReference; fileEncoding = 4; lastKnownFileType = sourcecode.c.h; path = mainViewController.h; sourceTree = "<group>"; };
		67DAE8361E2DA74D003F92D7 /* mainViewController.m */ = {isa = PBXFileReference; fileEncoding = 4; lastKnownFileType = sourcecode.c.objc; path = mainViewController.m; sourceTree = "<group>"; };
		67DAE83A1E2DA77F003F92D7 /* XQQPrefixHeader.pch */ = {isa = PBXFileReference; lastKnownFileType = sourcecode.c.h; path = XQQPrefixHeader.pch; sourceTree = "<group>"; };
		67DAE83B1E2DA9BA003F92D7 /* XQQShoppingController.h */ = {isa = PBXFileReference; fileEncoding = 4; lastKnownFileType = sourcecode.c.h; path = XQQShoppingController.h; sourceTree = "<group>"; };
		67DAE83C1E2DA9BA003F92D7 /* XQQShoppingController.m */ = {isa = PBXFileReference; fileEncoding = 4; lastKnownFileType = sourcecode.c.objc; path = XQQShoppingController.m; sourceTree = "<group>"; };
		67DAE83E1E2DAC27003F92D7 /* XQQShopTableViewCell.h */ = {isa = PBXFileReference; fileEncoding = 4; lastKnownFileType = sourcecode.c.h; path = XQQShopTableViewCell.h; sourceTree = "<group>"; };
		67DAE83F1E2DAC27003F92D7 /* XQQShopTableViewCell.m */ = {isa = PBXFileReference; fileEncoding = 4; lastKnownFileType = sourcecode.c.objc; path = XQQShopTableViewCell.m; sourceTree = "<group>"; };
		67DAE8411E2DACDB003F92D7 /* XQQShopModel.h */ = {isa = PBXFileReference; fileEncoding = 4; lastKnownFileType = sourcecode.c.h; path = XQQShopModel.h; sourceTree = "<group>"; };
		67DAE8421E2DACDB003F92D7 /* XQQShopModel.m */ = {isa = PBXFileReference; fileEncoding = 4; lastKnownFileType = sourcecode.c.objc; path = XQQShopModel.m; sourceTree = "<group>"; };
		67DAE8451E2DB64A003F92D7 /* UIView+XQQAdd.h */ = {isa = PBXFileReference; fileEncoding = 4; lastKnownFileType = sourcecode.c.h; path = "UIView+XQQAdd.h"; sourceTree = "<group>"; };
		67DAE8461E2DB64A003F92D7 /* UIView+XQQAdd.m */ = {isa = PBXFileReference; fileEncoding = 4; lastKnownFileType = sourcecode.c.objc; path = "UIView+XQQAdd.m"; sourceTree = "<group>"; };
		67DAF87C1E2DC36B003F92D7 /* XQQShopHeaderView.h */ = {isa = PBXFileReference; fileEncoding = 4; lastKnownFileType = sourcecode.c.h; path = XQQShopHeaderView.h; sourceTree = "<group>"; };
		67DAF87D1E2DC36B003F92D7 /* XQQShopHeaderView.m */ = {isa = PBXFileReference; fileEncoding = 4; lastKnownFileType = sourcecode.c.objc; path = XQQShopHeaderView.m; sourceTree = "<group>"; };
		67DAF87F1E2DF486003F92D7 /* xqq_shop.plist */ = {isa = PBXFileReference; fileEncoding = 4; lastKnownFileType = text.plist.xml; path = xqq_shop.plist; sourceTree = "<group>"; };
		67DAF8811E2DF56C003F92D7 /* XQQCommodityModel.h */ = {isa = PBXFileReference; fileEncoding = 4; lastKnownFileType = sourcecode.c.h; path = XQQCommodityModel.h; sourceTree = "<group>"; };
		67DAF8821E2DF56C003F92D7 /* XQQCommodityModel.m */ = {isa = PBXFileReference; fileEncoding = 4; lastKnownFileType = sourcecode.c.objc; path = XQQCommodityModel.m; sourceTree = "<group>"; };
		67DAF8841E2DFB87003F92D7 /* XQQShopBottomView.h */ = {isa = PBXFileReference; fileEncoding = 4; lastKnownFileType = sourcecode.c.h; path = XQQShopBottomView.h; sourceTree = "<group>"; };
		67DAF8851E2DFB87003F92D7 /* XQQShopBottomView.m */ = {isa = PBXFileReference; fileEncoding = 4; lastKnownFileType = sourcecode.c.objc; path = XQQShopBottomView.m; sourceTree = "<group>"; };
		67F864731E3D872E00823280 /* XQQFrameTool.h */ = {isa = PBXFileReference; fileEncoding = 4; lastKnownFileType = sourcecode.c.h; path = XQQFrameTool.h; sourceTree = "<group>"; };
		67F864741E3D872E00823280 /* XQQFrameTool.m */ = {isa = PBXFileReference; fileEncoding = 4; lastKnownFileType = sourcecode.c.objc; path = XQQFrameTool.m; sourceTree = "<group>"; };
/* End PBXFileReference section */

/* Begin PBXFrameworksBuildPhase section */
		67DAE8131E2DA6E7003F92D7 /* Frameworks */ = {
			isa = PBXFrameworksBuildPhase;
			buildActionMask = 2147483647;
			files = (
			);
			runOnlyForDeploymentPostprocessing = 0;
		};
/* End PBXFrameworksBuildPhase section */

/* Begin PBXGroup section */
		67938ACB1E2F131C003697EE /* 微信官方 */ = {
			isa = PBXGroup;
			children = (
				67938AFE1E2F14FD003697EE /* CreditCard_ShoppingBag@2x.png */,
				67938ACC1E2F131C003697EE /* AddGroupMemberBtn.png */,
				67938ACD1E2F131C003697EE /* AddGroupMemberBtn@2x.png */,
				67938ACE1E2F131C003697EE /* AddGroupMemberBtnHL.png */,
				67938ACF1E2F131C003697EE /* AddGroupMemberBtnHL@2x.png */,
				67938AD01E2F131C003697EE /* AlbumAddBtn@2x.png */,
				67938AD11E2F131C003697EE /* AlbumAddBtnHL@2x.png */,
				67938AD21E2F131C003697EE /* AlbumAddPeoplePlus@2x.png */,
				67938AD31E2F131C003697EE /* AlbumAddPeoplePlusHL@2x.png */,
				67938AD41E2F131C003697EE /* EmoticonAddButton@2x.png */,
				67938AD51E2F131C003697EE /* FriendsSendsPicturesArtworkIcon@2x.png */,
				67938AD61E2F131C003697EE /* FriendsSendsPicturesNumberIcon@2x.png */,
				67938AD71E2F131C003697EE /* FriendsSendsPicturesSelectBigNIcon@2x.png */,
				67938AD81E2F131C003697EE /* FriendsSendsPicturesSelectBigYIcon@2x.png */,
				67938AD91E2F131C003697EE /* FriendsSendsPicturesSelectIcon@2x.png */,
				67938ADA1E2F131C003697EE /* FriendsSendsPicturesSelectYIcon@2x.png */,
				67938ADB1E2F131C003697EE /* GameCenterNewAppTag@2x.png */,
				67938ADC1E2F131C003697EE /* GameCenterNewWhite@2x.png */,
				67938ADD1E2F131C003697EE /* RemoveGroupMemberBtn.png */,
				67938ADE1E2F131C003697EE /* RemoveGroupMemberBtn@2x.png */,
				67938ADF1E2F131C003697EE /* RemoveGroupMemberBtnHL.png */,
				67938AE01E2F131C003697EE /* RemoveGroupMemberBtnHL@2x.png */,
				67938AE11E2F131C003697EE /* sight_moments_mute_select@2x.png */,
				67938AE21E2F131C003697EE /* sight_moments_mute_selected@2x.png */,
				67938AE31E2F131C003697EE /* watch-tips-avatar2@2x.png */,
				67938AE41E2F131C003697EE /* watch-tips-avatar@2x.png */,
			);
			path = "微信官方";
			sourceTree = "<group>";
		};
		67DAE80D1E2DA6E7003F92D7 = {
			isa = PBXGroup;
			children = (
				67DAE8181E2DA6E7003F92D7 /* XQQShoppingTrolley */,
				67DAE8171E2DA6E7003F92D7 /* Products */,
			);
			sourceTree = "<group>";
		};
		67DAE8171E2DA6E7003F92D7 /* Products */ = {
			isa = PBXGroup;
			children = (
				67DAE8161E2DA6E7003F92D7 /* XQQShoppingTrolley.app */,
			);
			name = Products;
			sourceTree = "<group>";
		};
		67DAE8181E2DA6E7003F92D7 /* XQQShoppingTrolley */ = {
			isa = PBXGroup;
			children = (
				67DAE8331E2DA74D003F92D7 /* classes */,
				67DAE81C1E2DA6E7003F92D7 /* AppDelegate.h */,
				67DAE81D1E2DA6E7003F92D7 /* AppDelegate.m */,
				67DAE83A1E2DA77F003F92D7 /* XQQPrefixHeader.pch */,
				67DAE8191E2DA6E7003F92D7 /* Supporting Files */,
			);
			path = XQQShoppingTrolley;
			sourceTree = "<group>";
		};
		67DAE8191E2DA6E7003F92D7 /* Supporting Files */ = {
			isa = PBXGroup;
			children = (
				67DAE8251E2DA6E7003F92D7 /* Assets.xcassets */,
				67DAE82A1E2DA6E7003F92D7 /* Info.plist */,
				67DAE81A1E2DA6E7003F92D7 /* main.m */,
			);
			name = "Supporting Files";
			sourceTree = "<group>";
		};
		67DAE8331E2DA74D003F92D7 /* classes */ = {
			isa = PBXGroup;
			children = (
				67DAE8481E2DBDA3003F92D7 /* source */,
				67DAE8441E2DB64A003F92D7 /* Category */,
				67DAE8341E2DA74D003F92D7 /* controller */,
				67DAE8371E2DA74D003F92D7 /* model */,
				67DAE8381E2DA74D003F92D7 /* view */,
			);
			path = classes;
			sourceTree = "<group>";
		};
		67DAE8341E2DA74D003F92D7 /* controller */ = {
			isa = PBXGroup;
			children = (
				67DAE8351E2DA74D003F92D7 /* mainViewController.h */,
				67DAE8361E2DA74D003F92D7 /* mainViewController.m */,
				67DAE83B1E2DA9BA003F92D7 /* XQQShoppingController.h */,
				67DAE83C1E2DA9BA003F92D7 /* XQQShoppingController.m */,
			);
			path = controller;
			sourceTree = "<group>";
		};
		67DAE8371E2DA74D003F92D7 /* model */ = {
			isa = PBXGroup;
			children = (
				67DAE8411E2DACDB003F92D7 /* XQQShopModel.h */,
				67DAE8421E2DACDB003F92D7 /* XQQShopModel.m */,
				67DAF8811E2DF56C003F92D7 /* XQQCommodityModel.h */,
				67DAF8821E2DF56C003F92D7 /* XQQCommodityModel.m */,
			);
			path = model;
			sourceTree = "<group>";
		};
		67DAE8381E2DA74D003F92D7 /* view */ = {
			isa = PBXGroup;
			children = (
				67DAE83E1E2DAC27003F92D7 /* XQQShopTableViewCell.h */,
				67DAE83F1E2DAC27003F92D7 /* XQQShopTableViewCell.m */,
				67DAF87C1E2DC36B003F92D7 /* XQQShopHeaderView.h */,
				67DAF87D1E2DC36B003F92D7 /* XQQShopHeaderView.m */,
				67DAF8841E2DFB87003F92D7 /* XQQShopBottomView.h */,
				67DAF8851E2DFB87003F92D7 /* XQQShopBottomView.m */,
			);
			path = view;
			sourceTree = "<group>";
		};
		67DAE8441E2DB64A003F92D7 /* Category */ = {
			isa = PBXGroup;
			children = (
				67F864731E3D872E00823280 /* XQQFrameTool.h */,
				67F864741E3D872E00823280 /* XQQFrameTool.m */,
				67DAE8451E2DB64A003F92D7 /* UIView+XQQAdd.h */,
				67DAE8461E2DB64A003F92D7 /* UIView+XQQAdd.m */,
			);
			path = Category;
			sourceTree = "<group>";
		};
		67DAE8481E2DBDA3003F92D7 /* source */ = {
			isa = PBXGroup;
			children = (
				67938ACB1E2F131C003697EE /* 微信官方 */,
				67DAF87F1E2DF486003F92D7 /* xqq_shop.plist */,
			);
			path = source;
			sourceTree = "<group>";
		};
/* End PBXGroup section */

/* Begin PBXNativeTarget section */
		67DAE8151E2DA6E7003F92D7 /* XQQShoppingTrolley */ = {
			isa = PBXNativeTarget;
			buildConfigurationList = 67DAE82D1E2DA6E7003F92D7 /* Build configuration list for PBXNativeTarget "XQQShoppingTrolley" */;
			buildPhases = (
				67DAE8121E2DA6E7003F92D7 /* Sources */,
				67DAE8131E2DA6E7003F92D7 /* Frameworks */,
				67DAE8141E2DA6E7003F92D7 /* Resources */,
			);
			buildRules = (
			);
			dependencies = (
			);
			name = XQQShoppingTrolley;
			productName = XQQShoppingTrolley;
			productReference = 67DAE8161E2DA6E7003F92D7 /* XQQShoppingTrolley.app */;
			productType = "com.apple.product-type.application";
		};
/* End PBXNativeTarget section */

/* Begin PBXProject section */
		67DAE80E1E2DA6E7003F92D7 /* Project object */ = {
			isa = PBXProject;
			attributes = {
				LastUpgradeCheck = 0800;
				ORGANIZATIONNAME = UIP;
				TargetAttributes = {
					67DAE8151E2DA6E7003F92D7 = {
						CreatedOnToolsVersion = 8.0;
						DevelopmentTeam = DXV95ACF77;
						ProvisioningStyle = Automatic;
					};
				};
			};
			buildConfigurationList = 67DAE8111E2DA6E7003F92D7 /* Build configuration list for PBXProject "XQQShoppingTrolley" */;
			compatibilityVersion = "Xcode 3.2";
			developmentRegion = English;
			hasScannedForEncodings = 0;
			knownRegions = (
				en,
				Base,
			);
			mainGroup = 67DAE80D1E2DA6E7003F92D7;
			productRefGroup = 67DAE8171E2DA6E7003F92D7 /* Products */;
			projectDirPath = "";
			projectRoot = "";
			targets = (
				67DAE8151E2DA6E7003F92D7 /* XQQShoppingTrolley */,
			);
		};
/* End PBXProject section */

/* Begin PBXResourcesBuildPhase section */
		67DAE8141E2DA6E7003F92D7 /* Resources */ = {
			isa = PBXResourcesBuildPhase;
			buildActionMask = 2147483647;
			files = (
				67938AF01E2F131C003697EE /* FriendsSendsPicturesSelectBigNIcon@2x.png in Resources */,
				67938AED1E2F131C003697EE /* EmoticonAddButton@2x.png in Resources */,
				67938AF21E2F131C003697EE /* FriendsSendsPicturesSelectIcon@2x.png in Resources */,
				67938AF31E2F131C003697EE /* FriendsSendsPicturesSelectYIcon@2x.png in Resources */,
				67DAF8801E2DF486003F92D7 /* xqq_shop.plist in Resources */,
				67938AF71E2F131C003697EE /* RemoveGroupMemberBtn@2x.png in Resources */,
				67938AFA1E2F131C003697EE /* sight_moments_mute_select@2x.png in Resources */,
				67938AF11E2F131C003697EE /* FriendsSendsPicturesSelectBigYIcon@2x.png in Resources */,
				67938AE71E2F131C003697EE /* AddGroupMemberBtnHL.png in Resources */,
				67938AF51E2F131C003697EE /* GameCenterNewWhite@2x.png in Resources */,
				67938AFC1E2F131C003697EE /* watch-tips-avatar2@2x.png in Resources */,
				67938AE51E2F131C003697EE /* AddGroupMemberBtn.png in Resources */,
				67938AF81E2F131C003697EE /* RemoveGroupMemberBtnHL.png in Resources */,
				67938AEF1E2F131C003697EE /* FriendsSendsPicturesNumberIcon@2x.png in Resources */,
				67938AFD1E2F131C003697EE /* watch-tips-avatar@2x.png in Resources */,
				67938AFB1E2F131C003697EE /* sight_moments_mute_selected@2x.png in Resources */,
				67938AFF1E2F14FD003697EE /* CreditCard_ShoppingBag@2x.png in Resources */,
				67938AF41E2F131C003697EE /* GameCenterNewAppTag@2x.png in Resources */,
				67938AEA1E2F131C003697EE /* AlbumAddBtnHL@2x.png in Resources */,
				67938AEE1E2F131C003697EE /* FriendsSendsPicturesArtworkIcon@2x.png in Resources */,
				67938AE81E2F131C003697EE /* AddGroupMemberBtnHL@2x.png in Resources */,
				67938AEB1E2F131C003697EE /* AlbumAddPeoplePlus@2x.png in Resources */,
				67DAE8261E2DA6E7003F92D7 /* Assets.xcassets in Resources */,
				67938AF91E2F131C003697EE /* RemoveGroupMemberBtnHL@2x.png in Resources */,
				67938AE91E2F131C003697EE /* AlbumAddBtn@2x.png in Resources */,
				67938AE61E2F131C003697EE /* AddGroupMemberBtn@2x.png in Resources */,
				67938AF61E2F131C003697EE /* RemoveGroupMemberBtn.png in Resources */,
				67938AEC1E2F131C003697EE /* AlbumAddPeoplePlusHL@2x.png in Resources */,
			);
			runOnlyForDeploymentPostprocessing = 0;
		};
/* End PBXResourcesBuildPhase section */

/* Begin PBXSourcesBuildPhase section */
		67DAE8121E2DA6E7003F92D7 /* Sources */ = {
			isa = PBXSourcesBuildPhase;
			buildActionMask = 2147483647;
			files = (
				67DAE8431E2DACDB003F92D7 /* XQQShopModel.m in Sources */,
				67DAE83D1E2DA9BA003F92D7 /* XQQShoppingController.m in Sources */,
				67DAF8831E2DF56C003F92D7 /* XQQCommodityModel.m in Sources */,
				67F864751E3D872E00823280 /* XQQFrameTool.m in Sources */,
				67DAE8471E2DB64A003F92D7 /* UIView+XQQAdd.m in Sources */,
				67DAE8391E2DA74D003F92D7 /* mainViewController.m in Sources */,
				67DAE81E1E2DA6E7003F92D7 /* AppDelegate.m in Sources */,
				67DAE8401E2DAC27003F92D7 /* XQQShopTableViewCell.m in Sources */,
				67DAF87E1E2DC36B003F92D7 /* XQQShopHeaderView.m in Sources */,
				67DAF8861E2DFB87003F92D7 /* XQQShopBottomView.m in Sources */,
				67DAE81B1E2DA6E7003F92D7 /* main.m in Sources */,
			);
			runOnlyForDeploymentPostprocessing = 0;
		};
/* End PBXSourcesBuildPhase section */

/* Begin XCBuildConfiguration section */
		67DAE82B1E2DA6E7003F92D7 /* Debug */ = {
			isa = XCBuildConfiguration;
			buildSettings = {
				ALWAYS_SEARCH_USER_PATHS = NO;
				CLANG_ANALYZER_NONNULL = YES;
				CLANG_CXX_LANGUAGE_STANDARD = "gnu++0x";
				CLANG_CXX_LIBRARY = "libc++";
				CLANG_ENABLE_MODULES = YES;
				CLANG_ENABLE_OBJC_ARC = YES;
				CLANG_WARN_BOOL_CONVERSION = YES;
				CLANG_WARN_CONSTANT_CONVERSION = YES;
				CLANG_WARN_DIRECT_OBJC_ISA_USAGE = YES_ERROR;
				CLANG_WARN_DOCUMENTATION_COMMENTS = YES;
				CLANG_WARN_EMPTY_BODY = YES;
				CLANG_WARN_ENUM_CONVERSION = YES;
				CLANG_WARN_INFINITE_RECURSION = YES;
				CLANG_WARN_INT_CONVERSION = YES;
				CLANG_WARN_OBJC_ROOT_CLASS = YES_ERROR;
				CLANG_WARN_SUSPICIOUS_MOVES = YES;
				CLANG_WARN_UNREACHABLE_CODE = YES;
				CLANG_WARN__DUPLICATE_METHOD_MATCH = YES;
				"CODE_SIGN_IDENTITY[sdk=iphoneos*]" = "iPhone Developer";
				COPY_PHASE_STRIP = NO;
				DEBUG_INFORMATION_FORMAT = dwarf;
				ENABLE_STRICT_OBJC_MSGSEND = YES;
				ENABLE_TESTABILITY = YES;
				GCC_C_LANGUAGE_STANDARD = gnu99;
				GCC_DYNAMIC_NO_PIC = NO;
				GCC_NO_COMMON_BLOCKS = YES;
				GCC_OPTIMIZATION_LEVEL = 0;
				GCC_PREPROCESSOR_DEFINITIONS = (
					"DEBUG=1",
					"$(inherited)",
				);
				GCC_WARN_64_TO_32_BIT_CONVERSION = YES;
				GCC_WARN_ABOUT_RETURN_TYPE = YES_ERROR;
				GCC_WARN_UNDECLARED_SELECTOR = YES;
				GCC_WARN_UNINITIALIZED_AUTOS = YES_AGGRESSIVE;
				GCC_WARN_UNUSED_FUNCTION = YES;
				GCC_WARN_UNUSED_VARIABLE = YES;
				IPHONEOS_DEPLOYMENT_TARGET = 10.0;
				MTL_ENABLE_DEBUG_INFO = YES;
				ONLY_ACTIVE_ARCH = YES;
				SDKROOT = iphoneos;
			};
			name = Debug;
		};
		67DAE82C1E2DA6E7003F92D7 /* Release */ = {
			isa = XCBuildConfiguration;
			buildSettings = {
				ALWAYS_SEARCH_USER_PATHS = NO;
				CLANG_ANALYZER_NONNULL = YES;
				CLANG_CXX_LANGUAGE_STANDARD = "gnu++0x";
				CLANG_CXX_LIBRARY = "libc++";
				CLANG_ENABLE_MODULES = YES;
				CLANG_ENABLE_OBJC_ARC = YES;
				CLANG_WARN_BOOL_CONVERSION = YES;
				CLANG_WARN_CONSTANT_CONVERSION = YES;
				CLANG_WARN_DIRECT_OBJC_ISA_USAGE = YES_ERROR;
				CLANG_WARN_DOCUMENTATION_COMMENTS = YES;
				CLANG_WARN_EMPTY_BODY = YES;
				CLANG_WARN_ENUM_CONVERSION = YES;
				CLANG_WARN_INFINITE_RECURSION = YES;
				CLANG_WARN_INT_CONVERSION = YES;
				CLANG_WARN_OBJC_ROOT_CLASS = YES_ERROR;
				CLANG_WARN_SUSPICIOUS_MOVES = YES;
				CLANG_WARN_UNREACHABLE_CODE = YES;
				CLANG_WARN__DUPLICATE_METHOD_MATCH = YES;
				"CODE_SIGN_IDENTITY[sdk=iphoneos*]" = "iPhone Developer";
				COPY_PHASE_STRIP = NO;
				DEBUG_INFORMATION_FORMAT = "dwarf-with-dsym";
				ENABLE_NS_ASSERTIONS = NO;
				ENABLE_STRICT_OBJC_MSGSEND = YES;
				GCC_C_LANGUAGE_STANDARD = gnu99;
				GCC_NO_COMMON_BLOCKS = YES;
				GCC_WARN_64_TO_32_BIT_CONVERSION = YES;
				GCC_WARN_ABOUT_RETURN_TYPE = YES_ERROR;
				GCC_WARN_UNDECLARED_SELECTOR = YES;
				GCC_WARN_UNINITIALIZED_AUTOS = YES_AGGRESSIVE;
				GCC_WARN_UNUSED_FUNCTION = YES;
				GCC_WARN_UNUSED_VARIABLE = YES;
				IPHONEOS_DEPLOYMENT_TARGET = 10.0;
				MTL_ENABLE_DEBUG_INFO = NO;
				SDKROOT = iphoneos;
				VALIDATE_PRODUCT = YES;
			};
			name = Release;
		};
		67DAE82E1E2DA6E7003F92D7 /* Debug */ = {
			isa = XCBuildConfiguration;
			buildSettings = {
				ASSETCATALOG_COMPILER_APPICON_NAME = AppIcon;
				DEVELOPMENT_TEAM = DXV95ACF77;
				GCC_PRECOMPILE_PREFIX_HEADER = YES;
				GCC_PREFIX_HEADER = "$(SRCROOT)/XQQShoppingTrolley/XQQPrefixHeader.pch";
				INFOPLIST_FILE = XQQShoppingTrolley/Info.plist;
				IPHONEOS_DEPLOYMENT_TARGET = 8.0;
				LD_RUNPATH_SEARCH_PATHS = "$(inherited) @executable_path/Frameworks";
				PRODUCT_BUNDLE_IDENTIFIER = UIP.XQQShoppingTrolley;
				PRODUCT_NAME = "$(TARGET_NAME)";
			};
			name = Debug;
		};
		67DAE82F1E2DA6E7003F92D7 /* Release */ = {
			isa = XCBuildConfiguration;
			buildSettings = {
				ASSETCATALOG_COMPILER_APPICON_NAME = AppIcon;
				DEVELOPMENT_TEAM = DXV95ACF77;
				GCC_PRECOMPILE_PREFIX_HEADER = YES;
				GCC_PREFIX_HEADER = "$(SRCROOT)/XQQShoppingTrolley/XQQPrefixHeader.pch";
				INFOPLIST_FILE = XQQShoppingTrolley/Info.plist;
				IPHONEOS_DEPLOYMENT_TARGET = 8.0;
				LD_RUNPATH_SEARCH_PATHS = "$(inherited) @executable_path/Frameworks";
				PRODUCT_BUNDLE_IDENTIFIER = UIP.XQQShoppingTrolley;
				PRODUCT_NAME = "$(TARGET_NAME)";
			};
			name = Release;
		};
/* End XCBuildConfiguration section */

/* Begin XCConfigurationList section */
		67DAE8111E2DA6E7003F92D7 /* Build configuration list for PBXProject "XQQShoppingTrolley" */ = {
			isa = XCConfigurationList;
			buildConfigurations = (
				67DAE82B1E2DA6E7003F92D7 /* Debug */,
				67DAE82C1E2DA6E7003F92D7 /* Release */,
			);
			defaultConfigurationIsVisible = 0;
			defaultConfigurationName = Release;
		};
		67DAE82D1E2DA6E7003F92D7 /* Build configuration list for PBXNativeTarget "XQQShoppingTrolley" */ = {
			isa = XCConfigurationList;
			buildConfigurations = (
				67DAE82E1E2DA6E7003F92D7 /* Debug */,
				67DAE82F1E2DA6E7003F92D7 /* Release */,
			);
			defaultConfigurationIsVisible = 0;
			defaultConfigurationName = Release;
		};
/* End XCConfigurationList section */
	};
	rootObject = 67DAE80E1E2DA6E7003F92D7 /* Project object */;
}
